
Microsoft Visual Studio Solution File, Format Version 12.00
# Visual Studio Version 16
VisualStudioVersion = 16.0.30503.244
MinimumVisualStudioVersion = 10.0.40219.1
Project("{FAE04EC0-301F-11D3-BF4B-00C04F79EFBC}") = "Starter", "FizzBuzz\Starter.csproj", "{83FB5D68-6A50-4E8E-8597-8B55D054E8CA}"
EndProject
Project("{FAE04EC0-301F-11D3-BF4B-00C04F79EFBC}") = "DesignPattern", "DesignPattern\DesignPattern.csproj", "{4030898A-FE14-4A94-84EE-3D0CBFCC6505}"
EndProject
Project("{FAE04EC0-301F-11D3-BF4B-00C04F79EFBC}") = "Advance", "Advance\Advance.csproj", "{4F85DA81-6302-4CC3-9EA6-8CAA6C6662DA}"
EndProject
Project("{FAE04EC0-301F-11D3-BF4B-00C04F79EFBC}") = "Algo", "Algo\Algo.csproj", "{0E33720E-7ADB-4117-98D3-39A702850998}"
EndProject
Global
	GlobalSection(SolutionConfigurationPlatforms) = preSolution
		Debug|Any CPU = Debug|Any CPU
		Release|Any CPU = Release|Any CPU
	EndGlobalSection
	GlobalSection(ProjectConfigurationPlatforms) = postSolution
		{83FB5D68-6A50-4E8E-8597-8B55D054E8CA}.Debug|Any CPU.ActiveCfg = Debug|Any CPU
		{83FB5D68-6A50-4E8E-8597-8B55D054E8CA}.Debug|Any CPU.Build.0 = Debug|Any CPU
		{83FB5D68-6A50-4E8E-8597-8B55D054E8CA}.Release|Any CPU.ActiveCfg = Release|Any CPU
		{83FB5D68-6A50-4E8E-8597-8B55D054E8CA}.Release|Any CPU.Build.0 = Release|Any CPU
		{4030898A-FE14-4A94-84EE-3D0CBFCC6505}.Debug|Any CPU.ActiveCfg = Debug|Any CPU
		{4030898A-FE14-4A94-84EE-3D0CBFCC6505}.Debug|Any CPU.Build.0 = Debug|Any CPU
		{4030898A-FE14-4A94-84EE-3D0CBFCC6505}.Release|Any CPU.ActiveCfg = Release|Any CPU
		{4030898A-FE14-4A94-84EE-3D0CBFCC6505}.Release|Any CPU.Build.0 = Release|Any CPU
		{4F85DA81-6302-4CC3-9EA6-8CAA6C6662DA}.Debug|Any CPU.ActiveCfg = Debug|Any CPU
		{4F85DA81-6302-4CC3-9EA6-8CAA6C6662DA}.Debug|Any CPU.Build.0 = Debug|Any CPU
		{4F85DA81-6302-4CC3-9EA6-8CAA6C6662DA}.Release|Any CPU.ActiveCfg = Release|Any CPU
		{4F85DA81-6302-4CC3-9EA6-8CAA6C6662DA}.Release|Any CPU.Build.0 = Release|Any CPU
		{0E33720E-7ADB-4117-98D3-39A702850998}.Debug|Any CPU.ActiveCfg = Debug|Any CPU
		{0E33720E-7ADB-4117-98D3-39A702850998}.Debug|Any CPU.Build.0 = Debug|Any CPU
		{0E33720E-7ADB-4117-98D3-39A702850998}.Release|Any CPU.ActiveCfg = Release|Any CPU
		{0E33720E-7ADB-4117-98D3-39A702850998}.Release|Any CPU.Build.0 = Release|Any CPU
	EndGlobalSection
	GlobalSection(SolutionProperties) = preSolution
		HideSolutionNode = FALSE
	EndGlobalSection
	GlobalSection(ExtensibilityGlobals) = postSolution
		SolutionGuid = {8D4F67B1-2D49-41C1-B9BC-8A0D7DE8CCB3}
	EndGlobalSection
EndGlobal
